
Microsoft Visual Studio Solution File, Format Version 12.00
# Visual Studio Version 17
VisualStudioVersion = 17.4.33122.133
MinimumVisualStudioVersion = 10.0.40219.1
Project("{9A19103F-16F7-4668-BE54-9A1E7A4F7556}") = "MpvRenderPlayer", "MpvRenderPlayer\MpvRenderPlayer.csproj", "{F11E4089-15C4-4D52-846D-6424660A12F8}"
EndProject
Project("{9A19103F-16F7-4668-BE54-9A1E7A4F7556}") = "LibMPVSharp", "..\HuyaSpeed\LibMPVSharp\LibMPVSharp.csproj", "{52D4A8C7-1266-4900-BBFD-2A46D0D40BBF}"
EndProject
Global
	GlobalSection(SolutionConfigurationPlatforms) = preSolution
		Debug|Any CPU = Debug|Any CPU
		Release|Any CPU = Release|Any CPU
	EndGlobalSection
	GlobalSection(ProjectConfigurationPlatforms) = postSolution
		{F11E4089-15C4-4D52-846D-6424660A12F8}.Debug|Any CPU.ActiveCfg = Debug|Any CPU
		{F11E4089-15C4-4D52-846D-6424660A12F8}.Debug|Any CPU.Build.0 = Debug|Any CPU
		{F11E4089-15C4-4D52-846D-6424660A12F8}.Release|Any CPU.ActiveCfg = Release|Any CPU
		{F11E4089-15C4-4D52-846D-6424660A12F8}.Release|Any CPU.Build.0 = Release|Any CPU
		{52D4A8C7-1266-4900-BBFD-2A46D0D40BBF}.Debug|Any CPU.ActiveCfg = Debug|Any CPU
		{52D4A8C7-1266-4900-BBFD-2A46D0D40BBF}.Debug|Any CPU.Build.0 = Debug|Any CPU
		{52D4A8C7-1266-4900-BBFD-2A46D0D40BBF}.Release|Any CPU.ActiveCfg = Release|Any CPU
		{52D4A8C7-1266-4900-BBFD-2A46D0D40BBF}.Release|Any CPU.Build.0 = Release|Any CPU
	EndGlobalSection
	GlobalSection(SolutionProperties) = preSolution
		HideSolutionNode = FALSE
	EndGlobalSection
	GlobalSection(ExtensibilityGlobals) = postSolution
		SolutionGuid = {7F91909D-C642-4C5B-A6BC-10E592247852}
	EndGlobalSection
EndGlobal
